
Microsoft Visual Studio Solution File, Format Version 12.00
# Visual Studio 15
VisualStudioVersion = 15.0.28307.572
MinimumVisualStudioVersion = 10.0.40219.1
Project("{FAE04EC0-301F-11D3-BF4B-00C04F79EFBC}") = "Tarea3Eventos", "Tarea3Eventos\Tarea3Eventos.csproj", "{5E4A77FC-7722-4B9F-B1B8-075811ED0596}"
EndProject
Global
	GlobalSection(SolutionConfigurationPlatforms) = preSolution
		Debug|Any CPU = Debug|Any CPU
		Release|Any CPU = Release|Any CPU
	EndGlobalSection
	GlobalSection(ProjectConfigurationPlatforms) = postSolution
		{5E4A77FC-7722-4B9F-B1B8-075811ED0596}.Debug|Any CPU.ActiveCfg = Debug|Any CPU
		{5E4A77FC-7722-4B9F-B1B8-075811ED0596}.Debug|Any CPU.Build.0 = Debug|Any CPU
		{5E4A77FC-7722-4B9F-B1B8-075811ED0596}.Release|Any CPU.ActiveCfg = Release|Any CPU
		{5E4A77FC-7722-4B9F-B1B8-075811ED0596}.Release|Any CPU.Build.0 = Release|Any CPU
	EndGlobalSection
	GlobalSection(SolutionProperties) = preSolution
		HideSolutionNode = FALSE
	EndGlobalSection
	GlobalSection(ExtensibilityGlobals) = postSolution
		SolutionGuid = {9D38E984-D10E-42C7-9E9E-489461E9C192}
	EndGlobalSection
EndGlobal
