
Microsoft Visual Studio Solution File, Format Version 12.00
# Visual Studio 15
VisualStudioVersion = 15.0.28307.572
MinimumVisualStudioVersion = 10.0.40219.1
Project("{FAE04EC0-301F-11D3-BF4B-00C04F79EFBC}") = "RecursividadFibonaci", "RecursividadFibonaci\RecursividadFibonaci.csproj", "{FB23E1B5-FEBE-4EFF-B075-A64F3186B42B}"
EndProject
Global
	GlobalSection(SolutionConfigurationPlatforms) = preSolution
		Debug|Any CPU = Debug|Any CPU
		Release|Any CPU = Release|Any CPU
	EndGlobalSection
	GlobalSection(ProjectConfigurationPlatforms) = postSolution
		{FB23E1B5-FEBE-4EFF-B075-A64F3186B42B}.Debug|Any CPU.ActiveCfg = Debug|Any CPU
		{FB23E1B5-FEBE-4EFF-B075-A64F3186B42B}.Debug|Any CPU.Build.0 = Debug|Any CPU
		{FB23E1B5-FEBE-4EFF-B075-A64F3186B42B}.Release|Any CPU.ActiveCfg = Release|Any CPU
		{FB23E1B5-FEBE-4EFF-B075-A64F3186B42B}.Release|Any CPU.Build.0 = Release|Any CPU
	EndGlobalSection
	GlobalSection(SolutionProperties) = preSolution
		HideSolutionNode = FALSE
	EndGlobalSection
	GlobalSection(ExtensibilityGlobals) = postSolution
		SolutionGuid = {AACDD081-5350-4498-BED5-7FB8820004F1}
	EndGlobalSection
EndGlobal
