
Microsoft Visual Studio Solution File, Format Version 12.00
# Visual Studio 15
VisualStudioVersion = 15.0.28307.1145
MinimumVisualStudioVersion = 10.0.40219.1
Project("{FAE04EC0-301F-11D3-BF4B-00C04F79EFBC}") = "Final Servidor", "Final Servidor\Final Servidor.csproj", "{52DAE0ED-9918-4609-90B3-339F7FDB80AA}"
EndProject
Global
	GlobalSection(SolutionConfigurationPlatforms) = preSolution
		Debug|Any CPU = Debug|Any CPU
		Release|Any CPU = Release|Any CPU
	EndGlobalSection
	GlobalSection(ProjectConfigurationPlatforms) = postSolution
		{52DAE0ED-9918-4609-90B3-339F7FDB80AA}.Debug|Any CPU.ActiveCfg = Debug|Any CPU
		{52DAE0ED-9918-4609-90B3-339F7FDB80AA}.Debug|Any CPU.Build.0 = Debug|Any CPU
		{52DAE0ED-9918-4609-90B3-339F7FDB80AA}.Release|Any CPU.ActiveCfg = Release|Any CPU
		{52DAE0ED-9918-4609-90B3-339F7FDB80AA}.Release|Any CPU.Build.0 = Release|Any CPU
	EndGlobalSection
	GlobalSection(SolutionProperties) = preSolution
		HideSolutionNode = FALSE
	EndGlobalSection
	GlobalSection(ExtensibilityGlobals) = postSolution
		SolutionGuid = {46562B43-1233-448B-B90F-53683F700B0B}
	EndGlobalSection
EndGlobal
