
Microsoft Visual Studio Solution File, Format Version 12.00
# Visual Studio 15
VisualStudioVersion = 15.0.28307.572
MinimumVisualStudioVersion = 10.0.40219.1
Project("{FAE04EC0-301F-11D3-BF4B-00C04F79EFBC}") = "Lista de covid-19", "Lista de covid-19\Lista de covid-19.csproj", "{681D8BD0-796F-4651-88A4-E6FD30E9FC56}"
EndProject
Global
	GlobalSection(SolutionConfigurationPlatforms) = preSolution
		Debug|Any CPU = Debug|Any CPU
		Release|Any CPU = Release|Any CPU
	EndGlobalSection
	GlobalSection(ProjectConfigurationPlatforms) = postSolution
		{681D8BD0-796F-4651-88A4-E6FD30E9FC56}.Debug|Any CPU.ActiveCfg = Debug|Any CPU
		{681D8BD0-796F-4651-88A4-E6FD30E9FC56}.Debug|Any CPU.Build.0 = Debug|Any CPU
		{681D8BD0-796F-4651-88A4-E6FD30E9FC56}.Release|Any CPU.ActiveCfg = Release|Any CPU
		{681D8BD0-796F-4651-88A4-E6FD30E9FC56}.Release|Any CPU.Build.0 = Release|Any CPU
	EndGlobalSection
	GlobalSection(SolutionProperties) = preSolution
		HideSolutionNode = FALSE
	EndGlobalSection
	GlobalSection(ExtensibilityGlobals) = postSolution
		SolutionGuid = {0731FCF7-4918-47AE-A650-3DB13AA680EF}
	EndGlobalSection
EndGlobal
